{
  "name": "@homeant/asvc",
  "version": "0.4.5",
  "lockfileVersion": 3,
  "requires": true,
  "packages": {
    "": {
      "name": "@homeant/asvc",
      "version": "0.4.5",
      "license": "MIT",
      "bin": {
        "asvc": "npm/bin/asvc.js"
      },
      "engines": {
        "node": ">=20"
      },
      "optionalDependencies": {
        "@homeant/asvc-darwin-arm64": "0.4.5",
        "@homeant/asvc-darwin-x64": "0.4.5",
        "@homeant/asvc-linux-arm64": "0.4.5",
        "@homeant/asvc-linux-x64": "0.4.5",
        "@homeant/asvc-win32-x64": "0.4.5"
      }
    },
    "node_modules/@homeant/asvc-darwin-arm64": {
      "version": "0.4.5",
      "resolved": "https://registry.npmjs.org/@homeant/asvc-darwin-arm64/-/asvc-darwin-arm64-0.4.5.tgz",
      "integrity": "sha512-aTq0e++/49QElRlZi22w6XndWi7v4NMukJKihJzrcw4y2gRPNdk7RTlK7swggEevMw00btOkNXNf4bLQ1nyHjg==",
      "cpu": [
        "arm64"
      ],
      "license": "MIT",
      "optional": true,
      "os": [
        "darwin"
      ]
    },
    "node_modules/@homeant/asvc-darwin-x64": {
      "version": "0.4.5",
      "resolved": "https://registry.npmjs.org/@homeant/asvc-darwin-x64/-/asvc-darwin-x64-0.4.5.tgz",
      "integrity": "sha512-LIg5H2Vek39iw1WqQKd274TbP4jiHKhTrsW7e+lpWkDkZ2U8frFNMOlxbKBU/EdWISQy78mNaiyfJcp/buhRnw==",
      "cpu": [
        "x64"
      ],
      "license": "MIT",
      "optional": true,
      "os": [
        "darwin"
      ]
    },
    "node_modules/@homeant/asvc-linux-arm64": {
      "version": "0.4.5",
      "resolved": "https://registry.npmjs.org/@homeant/asvc-linux-arm64/-/asvc-linux-arm64-0.4.5.tgz",
      "integrity": "sha512-JPQ6CuVbvJmPFAaAVNpRKqTL/cFvEsuvlPlbMxTVEliNYwcVRGOW5fFb/659pdkzl+UuW922OrB0Zop7xYZyuQ==",
      "cpu": [
        "arm64"
      ],
      "license": "MIT",
      "optional": true,
      "os": [
        "linux"
      ]
    },
    "node_modules/@homeant/asvc-linux-x64": {
      "version": "0.4.5",
      "resolved": "https://registry.npmjs.org/@homeant/asvc-linux-x64/-/asvc-linux-x64-0.4.5.tgz",
      "integrity": "sha512-EAs9qor80X4hnBGoNr0+CVQbXSCokreCtTOBygX2jX5s/6GjrCt39v/zcH7Oj9CewfKeoyS2vVRBAPvWLPZQ0A==",
      "cpu": [
        "x64"
      ],
      "license": "MIT",
      "optional": true,
      "os": [
        "linux"
      ]
    },
    "node_modules/@homeant/asvc-win32-x64": {
      "version": "0.4.5",
      "resolved": "https://registry.npmjs.org/@homeant/asvc-win32-x64/-/asvc-win32-x64-0.4.5.tgz",
      "integrity": "sha512-amr7D60dSPjjOGkQUV2N1q564KBfXbI2FDpm8/aZQME3tKh3KJVLqhGmar6bordKoLdZ3OcMtIZztXeui+6QqQ==",
      "cpu": [
        "x64"
      ],
      "license": "MIT",
      "optional": true,
      "os": [
        "win32"
      ]
    }
  }
}
