{
  "name": "@homeant/asvc",
  "version": "0.4.1",
  "lockfileVersion": 3,
  "requires": true,
  "packages": {
    "": {
      "name": "@homeant/asvc",
      "version": "0.4.1",
      "license": "MIT",
      "bin": {
        "asvc": "npm/bin/asvc.js"
      },
      "engines": {
        "node": ">=20"
      },
      "optionalDependencies": {
        "@homeant/asvc-darwin-arm64": "0.4.1",
        "@homeant/asvc-darwin-x64": "0.4.1",
        "@homeant/asvc-linux-arm64": "0.4.1",
        "@homeant/asvc-linux-x64": "0.4.1",
        "@homeant/asvc-win32-x64": "0.4.1"
      }
    }
  }
}
