{
  "name": "@homeant/asvc",
  "version": "0.4.7",
  "lockfileVersion": 3,
  "requires": true,
  "packages": {
    "": {
      "name": "@homeant/asvc",
      "version": "0.4.7",
      "license": "MIT",
      "bin": {
        "asvc": "npm/bin/asvc.js"
      },
      "engines": {
        "node": ">=20"
      },
      "optionalDependencies": {
        "@homeant/asvc-darwin-arm64": "0.4.7",
        "@homeant/asvc-darwin-x64": "0.4.7",
        "@homeant/asvc-linux-arm64": "0.4.7",
        "@homeant/asvc-linux-x64": "0.4.7",
        "@homeant/asvc-win32-x64": "0.4.7"
      }
    },
    "node_modules/@homeant/asvc-darwin-arm64": {
      "version": "0.4.7",
      "cpu": [
        "arm64"
      ],
      "license": "MIT",
      "optional": true,
      "os": [
        "darwin"
      ]
    },
    "node_modules/@homeant/asvc-darwin-x64": {
      "version": "0.4.7",
      "cpu": [
        "x64"
      ],
      "license": "MIT",
      "optional": true,
      "os": [
        "darwin"
      ]
    },
    "node_modules/@homeant/asvc-linux-arm64": {
      "version": "0.4.7",
      "cpu": [
        "arm64"
      ],
      "license": "MIT",
      "optional": true,
      "os": [
        "linux"
      ]
    },
    "node_modules/@homeant/asvc-linux-x64": {
      "version": "0.4.7",
      "cpu": [
        "x64"
      ],
      "license": "MIT",
      "optional": true,
      "os": [
        "linux"
      ]
    },
    "node_modules/@homeant/asvc-win32-x64": {
      "version": "0.4.7",
      "cpu": [
        "x64"
      ],
      "license": "MIT",
      "optional": true,
      "os": [
        "win32"
      ]
    }
  }
}
